
Microsoft Visual Studio Solution File, Format Version 12.00
# Visual Studio Version 17
VisualStudioVersion = 17.10.35013.160
MinimumVisualStudioVersion = 10.0.40219.1
Project("{FAE04EC0-301F-11D3-BF4B-00C04F79EFBC}") = "WebApplication2(Korneev)", "WebApplication2(Korneev)\WebApplication2(Korneev).csproj", "{36C0D29F-8EFD-4213-AE9A-BE6411012738}"
EndProject
Global
	GlobalSection(SolutionConfigurationPlatforms) = preSolution
		Debug|Any CPU = Debug|Any CPU
		Release|Any CPU = Release|Any CPU
	EndGlobalSection
	GlobalSection(ProjectConfigurationPlatforms) = postSolution
		{36C0D29F-8EFD-4213-AE9A-BE6411012738}.Debug|Any CPU.ActiveCfg = Debug|Any CPU
		{36C0D29F-8EFD-4213-AE9A-BE6411012738}.Debug|Any CPU.Build.0 = Debug|Any CPU
		{36C0D29F-8EFD-4213-AE9A-BE6411012738}.Release|Any CPU.ActiveCfg = Release|Any CPU
		{36C0D29F-8EFD-4213-AE9A-BE6411012738}.Release|Any CPU.Build.0 = Release|Any CPU
	EndGlobalSection
	GlobalSection(SolutionProperties) = preSolution
		HideSolutionNode = FALSE
	EndGlobalSection
	GlobalSection(ExtensibilityGlobals) = postSolution
		SolutionGuid = {81E8AADC-B789-4166-8F25-68CF8EFB5F16}
	EndGlobalSection
EndGlobal
